// !$*UTF8*$!
{
	archiveVersion = 1;
	classes = {
	};
	objectVersion = 50;
	objects = {

/* Begin PBXBuildFile section */
		096C747C2825888D00229FF5 /* LogoutController.swift in Sources */ = {isa = PBXBuildFile; fileRef = 096C747B2825888D00229FF5 /* LogoutController.swift */; };
		0986E80D28267D4B004283D7 /* AuthorizationController.swift in Sources */ = {isa = PBXBuildFile; fileRef = 0986E80C28267D4B004283D7 /* AuthorizationController.swift */; };
		09ACF10A282548B000B76E3E /* AppFlowController.swift in Sources */ = {isa = PBXBuildFile; fileRef = 09ACF109282548B000B76E3E /* AppFlowController.swift */; };
		09ACF10D28254B2300B76E3E /* TutorialFlowController.swift in Sources */ = {isa = PBXBuildFile; fileRef = 09ACF10C28254B2300B76E3E /* TutorialFlowController.swift */; };
		09ACF11228254B6C00B76E3E /* CabinetFlowController.swift in Sources */ = {isa = PBXBuildFile; fileRef = 09ACF11128254B6C00B76E3E /* CabinetFlowController.swift */; };
		09ACF11B28254CD800B76E3E /* UIViewControllerExtensions.swift in Sources */ = {isa = PBXBuildFile; fileRef = 09ACF11A28254CD800B76E3E /* UIViewControllerExtensions.swift */; };
		09ACF11F28254E1A00B76E3E /* LoginController.swift in Sources */ = {isa = PBXBuildFile; fileRef = 09ACF11E28254E1A00B76E3E /* LoginController.swift */; };
		09ACF12228254E3200B76E3E /* TutorialController.swift in Sources */ = {isa = PBXBuildFile; fileRef = 09ACF12128254E3200B76E3E /* TutorialController.swift */; };
		09BD28AB282FC32400490030 /* LoginFlowController.swift in Sources */ = {isa = PBXBuildFile; fileRef = 09BD28AA282FC32400490030 /* LoginFlowController.swift */; };
		09BD28AF282FC33500490030 /* LogoutFlowController.swift in Sources */ = {isa = PBXBuildFile; fileRef = 09BD28AE282FC33500490030 /* LogoutFlowController.swift */; };
		09CE0D3C2824267900DB53E9 /* AppDelegate.swift in Sources */ = {isa = PBXBuildFile; fileRef = 09CE0D3B2824267900DB53E9 /* AppDelegate.swift */; };
		09CE0D402824267900DB53E9 /* ViewController.swift in Sources */ = {isa = PBXBuildFile; fileRef = 09CE0D3F2824267900DB53E9 /* ViewController.swift */; };
		09CE0D452824267B00DB53E9 /* Assets.xcassets in Resources */ = {isa = PBXBuildFile; fileRef = 09CE0D442824267B00DB53E9 /* Assets.xcassets */; };
		09CE0D482824267B00DB53E9 /* LaunchScreen.storyboard in Resources */ = {isa = PBXBuildFile; fileRef = 09CE0D462824267B00DB53E9 /* LaunchScreen.storyboard */; };
/* End PBXBuildFile section */

/* Begin PBXFileReference section */
		096C747B2825888D00229FF5 /* LogoutController.swift */ = {isa = PBXFileReference; lastKnownFileType = sourcecode.swift; path = LogoutController.swift; sourceTree = "<group>"; };
		0986E80C28267D4B004283D7 /* AuthorizationController.swift */ = {isa = PBXFileReference; lastKnownFileType = sourcecode.swift; path = AuthorizationController.swift; sourceTree = "<group>"; };
		09ACF109282548B000B76E3E /* AppFlowController.swift */ = {isa = PBXFileReference; lastKnownFileType = sourcecode.swift; path = AppFlowController.swift; sourceTree = "<group>"; };
		09ACF10C28254B2300B76E3E /* TutorialFlowController.swift */ = {isa = PBXFileReference; lastKnownFileType = sourcecode.swift; path = TutorialFlowController.swift; sourceTree = "<group>"; };
		09ACF11128254B6C00B76E3E /* CabinetFlowController.swift */ = {isa = PBXFileReference; lastKnownFileType = sourcecode.swift; path = CabinetFlowController.swift; sourceTree = "<group>"; };
		09ACF11A28254CD800B76E3E /* UIViewControllerExtensions.swift */ = {isa = PBXFileReference; lastKnownFileType = sourcecode.swift; path = UIViewControllerExtensions.swift; sourceTree = "<group>"; };
		09ACF11E28254E1A00B76E3E /* LoginController.swift */ = {isa = PBXFileReference; lastKnownFileType = sourcecode.swift; path = LoginController.swift; sourceTree = "<group>"; };
		09ACF12128254E3200B76E3E /* TutorialController.swift */ = {isa = PBXFileReference; lastKnownFileType = sourcecode.swift; path = TutorialController.swift; sourceTree = "<group>"; };
		09BD28AA282FC32400490030 /* LoginFlowController.swift */ = {isa = PBXFileReference; lastKnownFileType = sourcecode.swift; path = LoginFlowController.swift; sourceTree = "<group>"; };
		09BD28AE282FC33500490030 /* LogoutFlowController.swift */ = {isa = PBXFileReference; lastKnownFileType = sourcecode.swift; path = LogoutFlowController.swift; sourceTree = "<group>"; };
		09CE0D382824267900DB53E9 /* FlowController.app */ = {isa = PBXFileReference; explicitFileType = wrapper.application; includeInIndex = 0; path = FlowController.app; sourceTree = BUILT_PRODUCTS_DIR; };
		09CE0D3B2824267900DB53E9 /* AppDelegate.swift */ = {isa = PBXFileReference; lastKnownFileType = sourcecode.swift; path = AppDelegate.swift; sourceTree = "<group>"; };
		09CE0D3F2824267900DB53E9 /* ViewController.swift */ = {isa = PBXFileReference; lastKnownFileType = sourcecode.swift; path = ViewController.swift; sourceTree = "<group>"; };
		09CE0D442824267B00DB53E9 /* Assets.xcassets */ = {isa = PBXFileReference; lastKnownFileType = folder.assetcatalog; path = Assets.xcassets; sourceTree = "<group>"; };
		09CE0D472824267B00DB53E9 /* Base */ = {isa = PBXFileReference; lastKnownFileType = file.storyboard; name = Base; path = Base.lproj/LaunchScreen.storyboard; sourceTree = "<group>"; };
		09CE0D492824267B00DB53E9 /* Info.plist */ = {isa = PBXFileReference; lastKnownFileType = text.plist.xml; path = Info.plist; sourceTree = "<group>"; };
/* End PBXFileReference section */

/* Begin PBXFrameworksBuildPhase section */
		09CE0D352824267900DB53E9 /* Frameworks */ = {
			isa = PBXFrameworksBuildPhase;
			buildActionMask = 2147483647;
			files = (
			);
			runOnlyForDeploymentPostprocessing = 0;
		};
/* End PBXFrameworksBuildPhase section */

/* Begin PBXGroup section */
		09ACF11428254B9A00B76E3E /* Resources */ = {
			isa = PBXGroup;
			children = (
				09CE0D3F2824267900DB53E9 /* ViewController.swift */,
				09CE0D462824267B00DB53E9 /* LaunchScreen.storyboard */,
				09CE0D442824267B00DB53E9 /* Assets.xcassets */,
				09CE0D492824267B00DB53E9 /* Info.plist */,
			);
			path = Resources;
			sourceTree = "<group>";
		};
		09ACF11528254BA400B76E3E /* Application */ = {
			isa = PBXGroup;
			children = (
				09CE0D3B2824267900DB53E9 /* AppDelegate.swift */,
				09ACF109282548B000B76E3E /* AppFlowController.swift */,
			);
			path = Application;
			sourceTree = "<group>";
		};
		09ACF11628254C4A00B76E3E /* Flows */ = {
			isa = PBXGroup;
			children = (
				09ACF11828254C7D00B76E3E /* CabinetFlow */,
				09ACF11728254C5800B76E3E /* TutorialFlow */,
			);
			path = Flows;
			sourceTree = "<group>";
		};
		09ACF11728254C5800B76E3E /* TutorialFlow */ = {
			isa = PBXGroup;
			children = (
				09ACF10C28254B2300B76E3E /* TutorialFlowController.swift */,
				09ACF12128254E3200B76E3E /* TutorialController.swift */,
			);
			path = TutorialFlow;
			sourceTree = "<group>";
		};
		09ACF11828254C7D00B76E3E /* CabinetFlow */ = {
			isa = PBXGroup;
			children = (
				09ACF11128254B6C00B76E3E /* CabinetFlowController.swift */,
				09BD28B2282FC35D00490030 /* LoginFlow */,
				09BD28B1282FC35300490030 /* LogoutFlow */,
			);
			path = CabinetFlow;
			sourceTree = "<group>";
		};
		09ACF11928254CA600B76E3E /* Extensions */ = {
			isa = PBXGroup;
			children = (
				09ACF11A28254CD800B76E3E /* UIViewControllerExtensions.swift */,
			);
			path = Extensions;
			sourceTree = "<group>";
		};
		09ACF1272825602D00B76E3E /* Protocols */ = {
			isa = PBXGroup;
			children = (
			);
			path = Protocols;
			sourceTree = "<group>";
		};
		09BD28B1282FC35300490030 /* LogoutFlow */ = {
			isa = PBXGroup;
			children = (
				09BD28AE282FC33500490030 /* LogoutFlowController.swift */,
				096C747B2825888D00229FF5 /* LogoutController.swift */,
			);
			path = LogoutFlow;
			sourceTree = "<group>";
		};
		09BD28B2282FC35D00490030 /* LoginFlow */ = {
			isa = PBXGroup;
			children = (
				09BD28AA282FC32400490030 /* LoginFlowController.swift */,
				09ACF11E28254E1A00B76E3E /* LoginController.swift */,
				0986E80C28267D4B004283D7 /* AuthorizationController.swift */,
			);
			path = LoginFlow;
			sourceTree = "<group>";
		};
		09CE0D2F2824267900DB53E9 = {
			isa = PBXGroup;
			children = (
				09CE0D3A2824267900DB53E9 /* FlowController */,
				09CE0D392824267900DB53E9 /* Products */,
			);
			sourceTree = "<group>";
		};
		09CE0D392824267900DB53E9 /* Products */ = {
			isa = PBXGroup;
			children = (
				09CE0D382824267900DB53E9 /* FlowController.app */,
			);
			name = Products;
			sourceTree = "<group>";
		};
		09CE0D3A2824267900DB53E9 /* FlowController */ = {
			isa = PBXGroup;
			children = (
				09ACF1272825602D00B76E3E /* Protocols */,
				09ACF11928254CA600B76E3E /* Extensions */,
				09ACF11528254BA400B76E3E /* Application */,
				09ACF11628254C4A00B76E3E /* Flows */,
				09ACF11428254B9A00B76E3E /* Resources */,
			);
			path = FlowController;
			sourceTree = "<group>";
		};
/* End PBXGroup section */

/* Begin PBXNativeTarget section */
		09CE0D372824267900DB53E9 /* FlowController */ = {
			isa = PBXNativeTarget;
			buildConfigurationList = 09CE0D4C2824267B00DB53E9 /* Build configuration list for PBXNativeTarget "FlowController" */;
			buildPhases = (
				09CE0D342824267900DB53E9 /* Sources */,
				09CE0D352824267900DB53E9 /* Frameworks */,
				09CE0D362824267900DB53E9 /* Resources */,
			);
			buildRules = (
			);
			dependencies = (
			);
			name = FlowController;
			productName = FlowController;
			productReference = 09CE0D382824267900DB53E9 /* FlowController.app */;
			productType = "com.apple.product-type.application";
		};
/* End PBXNativeTarget section */

/* Begin PBXProject section */
		09CE0D302824267900DB53E9 /* Project object */ = {
			isa = PBXProject;
			attributes = {
				LastSwiftUpdateCheck = 1200;
				LastUpgradeCheck = 1200;
				TargetAttributes = {
					09CE0D372824267900DB53E9 = {
						CreatedOnToolsVersion = 12.0.1;
					};
				};
			};
			buildConfigurationList = 09CE0D332824267900DB53E9 /* Build configuration list for PBXProject "FlowController" */;
			compatibilityVersion = "Xcode 9.3";
			developmentRegion = en;
			hasScannedForEncodings = 0;
			knownRegions = (
				en,
				Base,
			);
			mainGroup = 09CE0D2F2824267900DB53E9;
			productRefGroup = 09CE0D392824267900DB53E9 /* Products */;
			projectDirPath = "";
			projectRoot = "";
			targets = (
				09CE0D372824267900DB53E9 /* FlowController */,
			);
		};
/* End PBXProject section */

/* Begin PBXResourcesBuildPhase section */
		09CE0D362824267900DB53E9 /* Resources */ = {
			isa = PBXResourcesBuildPhase;
			buildActionMask = 2147483647;
			files = (
				09CE0D482824267B00DB53E9 /* LaunchScreen.storyboard in Resources */,
				09CE0D452824267B00DB53E9 /* Assets.xcassets in Resources */,
			);
			runOnlyForDeploymentPostprocessing = 0;
		};
/* End PBXResourcesBuildPhase section */

/* Begin PBXSourcesBuildPhase section */
		09CE0D342824267900DB53E9 /* Sources */ = {
			isa = PBXSourcesBuildPhase;
			buildActionMask = 2147483647;
			files = (
				09ACF11228254B6C00B76E3E /* CabinetFlowController.swift in Sources */,
				09CE0D402824267900DB53E9 /* ViewController.swift in Sources */,
				09BD28AB282FC32400490030 /* LoginFlowController.swift in Sources */,
				0986E80D28267D4B004283D7 /* AuthorizationController.swift in Sources */,
				09BD28AF282FC33500490030 /* LogoutFlowController.swift in Sources */,
				09ACF11B28254CD800B76E3E /* UIViewControllerExtensions.swift in Sources */,
				096C747C2825888D00229FF5 /* LogoutController.swift in Sources */,
				09CE0D3C2824267900DB53E9 /* AppDelegate.swift in Sources */,
				09ACF11F28254E1A00B76E3E /* LoginController.swift in Sources */,
				09ACF10D28254B2300B76E3E /* TutorialFlowController.swift in Sources */,
				09ACF10A282548B000B76E3E /* AppFlowController.swift in Sources */,
				09ACF12228254E3200B76E3E /* TutorialController.swift in Sources */,
			);
			runOnlyForDeploymentPostprocessing = 0;
		};
/* End PBXSourcesBuildPhase section */

/* Begin PBXVariantGroup section */
		09CE0D462824267B00DB53E9 /* LaunchScreen.storyboard */ = {
			isa = PBXVariantGroup;
			children = (
				09CE0D472824267B00DB53E9 /* Base */,
			);
			name = LaunchScreen.storyboard;
			sourceTree = "<group>";
		};
/* End PBXVariantGroup section */

/* Begin XCBuildConfiguration section */
		09CE0D4A2824267B00DB53E9 /* Debug */ = {
			isa = XCBuildConfiguration;
			buildSettings = {
				ALWAYS_SEARCH_USER_PATHS = NO;
				CLANG_ANALYZER_NONNULL = YES;
				CLANG_ANALYZER_NUMBER_OBJECT_CONVERSION = YES_AGGRESSIVE;
				CLANG_CXX_LANGUAGE_STANDARD = "gnu++14";
				CLANG_CXX_LIBRARY = "libc++";
				CLANG_ENABLE_MODULES = YES;
				CLANG_ENABLE_OBJC_ARC = YES;
				CLANG_ENABLE_OBJC_WEAK = YES;
				CLANG_WARN_BLOCK_CAPTURE_AUTORELEASING = YES;
				CLANG_WARN_BOOL_CONVERSION = YES;
				CLANG_WARN_COMMA = YES;
				CLANG_WARN_CONSTANT_CONVERSION = YES;
				CLANG_WARN_DEPRECATED_OBJC_IMPLEMENTATIONS = YES;
				CLANG_WARN_DIRECT_OBJC_ISA_USAGE = YES_ERROR;
				CLANG_WARN_DOCUMENTATION_COMMENTS = YES;
				CLANG_WARN_EMPTY_BODY = YES;
				CLANG_WARN_ENUM_CONVERSION = YES;
				CLANG_WARN_INFINITE_RECURSION = YES;
				CLANG_WARN_INT_CONVERSION = YES;
				CLANG_WARN_NON_LITERAL_NULL_CONVERSION = YES;
				CLANG_WARN_OBJC_IMPLICIT_RETAIN_SELF = YES;
				CLANG_WARN_OBJC_LITERAL_CONVERSION = YES;
				CLANG_WARN_OBJC_ROOT_CLASS = YES_ERROR;
				CLANG_WARN_QUOTED_INCLUDE_IN_FRAMEWORK_HEADER = YES;
				CLANG_WARN_RANGE_LOOP_ANALYSIS = YES;
				CLANG_WARN_STRICT_PROTOTYPES = YES;
				CLANG_WARN_SUSPICIOUS_MOVE = YES;
				CLANG_WARN_UNGUARDED_AVAILABILITY = YES_AGGRESSIVE;
				CLANG_WARN_UNREACHABLE_CODE = YES;
				CLANG_WARN__DUPLICATE_METHOD_MATCH = YES;
				COPY_PHASE_STRIP = NO;
				DEBUG_INFORMATION_FORMAT = dwarf;
				ENABLE_STRICT_OBJC_MSGSEND = YES;
				ENABLE_TESTABILITY = YES;
				GCC_C_LANGUAGE_STANDARD = gnu11;
				GCC_DYNAMIC_NO_PIC = NO;
				GCC_NO_COMMON_BLOCKS = YES;
				GCC_OPTIMIZATION_LEVEL = 0;
				GCC_PREPROCESSOR_DEFINITIONS = (
					"DEBUG=1",
					"$(inherited)",
				);
				GCC_WARN_64_TO_32_BIT_CONVERSION = YES;
				GCC_WARN_ABOUT_RETURN_TYPE = YES_ERROR;
				GCC_WARN_UNDECLARED_SELECTOR = YES;
				GCC_WARN_UNINITIALIZED_AUTOS = YES_AGGRESSIVE;
				GCC_WARN_UNUSED_FUNCTION = YES;
				GCC_WARN_UNUSED_VARIABLE = YES;
				IPHONEOS_DEPLOYMENT_TARGET = 14.0;
				MTL_ENABLE_DEBUG_INFO = INCLUDE_SOURCE;
				MTL_FAST_MATH = YES;
				ONLY_ACTIVE_ARCH = YES;
				SDKROOT = iphoneos;
				SWIFT_ACTIVE_COMPILATION_CONDITIONS = DEBUG;
				SWIFT_OPTIMIZATION_LEVEL = "-Onone";
			};
			name = Debug;
		};
		09CE0D4B2824267B00DB53E9 /* Release */ = {
			isa = XCBuildConfiguration;
			buildSettings = {
				ALWAYS_SEARCH_USER_PATHS = NO;
				CLANG_ANALYZER_NONNULL = YES;
				CLANG_ANALYZER_NUMBER_OBJECT_CONVERSION = YES_AGGRESSIVE;
				CLANG_CXX_LANGUAGE_STANDARD = "gnu++14";
				CLANG_CXX_LIBRARY = "libc++";
				CLANG_ENABLE_MODULES = YES;
				CLANG_ENABLE_OBJC_ARC = YES;
				CLANG_ENABLE_OBJC_WEAK = YES;
				CLANG_WARN_BLOCK_CAPTURE_AUTORELEASING = YES;
				CLANG_WARN_BOOL_CONVERSION = YES;
				CLANG_WARN_COMMA = YES;
				CLANG_WARN_CONSTANT_CONVERSION = YES;
				CLANG_WARN_DEPRECATED_OBJC_IMPLEMENTATIONS = YES;
				CLANG_WARN_DIRECT_OBJC_ISA_USAGE = YES_ERROR;
				CLANG_WARN_DOCUMENTATION_COMMENTS = YES;
				CLANG_WARN_EMPTY_BODY = YES;
				CLANG_WARN_ENUM_CONVERSION = YES;
				CLANG_WARN_INFINITE_RECURSION = YES;
				CLANG_WARN_INT_CONVERSION = YES;
				CLANG_WARN_NON_LITERAL_NULL_CONVERSION = YES;
				CLANG_WARN_OBJC_IMPLICIT_RETAIN_SELF = YES;
				CLANG_WARN_OBJC_LITERAL_CONVERSION = YES;
				CLANG_WARN_OBJC_ROOT_CLASS = YES_ERROR;
				CLANG_WARN_QUOTED_INCLUDE_IN_FRAMEWORK_HEADER = YES;
				CLANG_WARN_RANGE_LOOP_ANALYSIS = YES;
				CLANG_WARN_STRICT_PROTOTYPES = YES;
				CLANG_WARN_SUSPICIOUS_MOVE = YES;
				CLANG_WARN_UNGUARDED_AVAILABILITY = YES_AGGRESSIVE;
				CLANG_WARN_UNREACHABLE_CODE = YES;
				CLANG_WARN__DUPLICATE_METHOD_MATCH = YES;
				COPY_PHASE_STRIP = NO;
				DEBUG_INFORMATION_FORMAT = "dwarf-with-dsym";
				ENABLE_NS_ASSERTIONS = NO;
				ENABLE_STRICT_OBJC_MSGSEND = YES;
				GCC_C_LANGUAGE_STANDARD = gnu11;
				GCC_NO_COMMON_BLOCKS = YES;
				GCC_WARN_64_TO_32_BIT_CONVERSION = YES;
				GCC_WARN_ABOUT_RETURN_TYPE = YES_ERROR;
				GCC_WARN_UNDECLARED_SELECTOR = YES;
				GCC_WARN_UNINITIALIZED_AUTOS = YES_AGGRESSIVE;
				GCC_WARN_UNUSED_FUNCTION = YES;
				GCC_WARN_UNUSED_VARIABLE = YES;
				IPHONEOS_DEPLOYMENT_TARGET = 14.0;
				MTL_ENABLE_DEBUG_INFO = NO;
				MTL_FAST_MATH = YES;
				SDKROOT = iphoneos;
				SWIFT_COMPILATION_MODE = wholemodule;
				SWIFT_OPTIMIZATION_LEVEL = "-O";
				VALIDATE_PRODUCT = YES;
			};
			name = Release;
		};
		09CE0D4D2824267B00DB53E9 /* Debug */ = {
			isa = XCBuildConfiguration;
			buildSettings = {
				ASSETCATALOG_COMPILER_APPICON_NAME = AppIcon;
				ASSETCATALOG_COMPILER_GLOBAL_ACCENT_COLOR_NAME = AccentColor;
				CODE_SIGN_STYLE = Automatic;
				INFOPLIST_FILE = FlowController/Resources/Info.plist;
				LD_RUNPATH_SEARCH_PATHS = (
					"$(inherited)",
					"@executable_path/Frameworks",
				);
				PRODUCT_BUNDLE_IDENTIFIER = ilya.FlowController;
				PRODUCT_NAME = "$(TARGET_NAME)";
				SWIFT_VERSION = 5.0;
				TARGETED_DEVICE_FAMILY = "1,2";
			};
			name = Debug;
		};
		09CE0D4E2824267B00DB53E9 /* Release */ = {
			isa = XCBuildConfiguration;
			buildSettings = {
				ASSETCATALOG_COMPILER_APPICON_NAME = AppIcon;
				ASSETCATALOG_COMPILER_GLOBAL_ACCENT_COLOR_NAME = AccentColor;
				CODE_SIGN_STYLE = Automatic;
				INFOPLIST_FILE = FlowController/Resources/Info.plist;
				LD_RUNPATH_SEARCH_PATHS = (
					"$(inherited)",
					"@executable_path/Frameworks",
				);
				PRODUCT_BUNDLE_IDENTIFIER = ilya.FlowController;
				PRODUCT_NAME = "$(TARGET_NAME)";
				SWIFT_VERSION = 5.0;
				TARGETED_DEVICE_FAMILY = "1,2";
			};
			name = Release;
		};
/* End XCBuildConfiguration section */

/* Begin XCConfigurationList section */
		09CE0D332824267900DB53E9 /* Build configuration list for PBXProject "FlowController" */ = {
			isa = XCConfigurationList;
			buildConfigurations = (
				09CE0D4A2824267B00DB53E9 /* Debug */,
				09CE0D4B2824267B00DB53E9 /* Release */,
			);
			defaultConfigurationIsVisible = 0;
			defaultConfigurationName = Release;
		};
		09CE0D4C2824267B00DB53E9 /* Build configuration list for PBXNativeTarget "FlowController" */ = {
			isa = XCConfigurationList;
			buildConfigurations = (
				09CE0D4D2824267B00DB53E9 /* Debug */,
				09CE0D4E2824267B00DB53E9 /* Release */,
			);
			defaultConfigurationIsVisible = 0;
			defaultConfigurationName = Release;
		};
/* End XCConfigurationList section */
	};
	rootObject = 09CE0D302824267900DB53E9 /* Project object */;
}
